// !$*UTF8*$!
{
	archiveVersion = 1;
	classes = {
	};
	objectVersion = 56;
	objects = {

/* Begin PBXBuildFile section */
		F40235FB2B0148E900964960 /* Bid_GeneratorApp.swift in Sources */ = {isa = PBXBuildFile; fileRef = F40235FA2B0148E900964960 /* Bid_GeneratorApp.swift */; };
		F40235FD2B0148E900964960 /* ContentView.swift in Sources */ = {isa = PBXBuildFile; fileRef = F40235FC2B0148E900964960 /* ContentView.swift */; };
		F40235FF2B0148EE00964960 /* Assets.xcassets in Resources */ = {isa = PBXBuildFile; fileRef = F40235FE2B0148EE00964960 /* Assets.xcassets */; };
		F40236032B0148EE00964960 /* Preview Assets.xcassets in Resources */ = {isa = PBXBuildFile; fileRef = F40236022B0148EE00964960 /* Preview Assets.xcassets */; };
		F42308392B309DC100C77CB7 /* AnimateNumberText in Frameworks */ = {isa = PBXBuildFile; productRef = F42308382B309DC100C77CB7 /* AnimateNumberText */; };
		F423083B2B38B42E00C77CB7 /* ReloadView.swift in Sources */ = {isa = PBXBuildFile; fileRef = F423083A2B38B42E00C77CB7 /* ReloadView.swift */; };
		F4403E3A2B17B215001FF395 /* View.swift in Sources */ = {isa = PBXBuildFile; fileRef = F4403E392B17B215001FF395 /* View.swift */; };
		F4403E3C2B17B248001FF395 /* UINavigationController.swift in Sources */ = {isa = PBXBuildFile; fileRef = F4403E3B2B17B248001FF395 /* UINavigationController.swift */; };
		F4403E3E2B1902DF001FF395 /* Int.swift in Sources */ = {isa = PBXBuildFile; fileRef = F4403E3D2B1902DF001FF395 /* Int.swift */; };
		F446D0632B15014B00D3F7E7 /* UIColor.swift in Sources */ = {isa = PBXBuildFile; fileRef = F446D0622B15014B00D3F7E7 /* UIColor.swift */; };
		F4C15C2E2B5D341E0040A8ED /* String.swift in Sources */ = {isa = PBXBuildFile; fileRef = F4C15C2D2B5D341E0040A8ED /* String.swift */; };
		F4C15C302B5D4AD20040A8ED /* NSNotification.swift in Sources */ = {isa = PBXBuildFile; fileRef = F4C15C2F2B5D4AD20040A8ED /* NSNotification.swift */; };
/* End PBXBuildFile section */

/* Begin PBXFileReference section */
		F40235F72B0148E900964960 /* Bid Generator.app */ = {isa = PBXFileReference; explicitFileType = wrapper.application; includeInIndex = 0; path = "Bid Generator.app"; sourceTree = BUILT_PRODUCTS_DIR; };
		F40235FA2B0148E900964960 /* Bid_GeneratorApp.swift */ = {isa = PBXFileReference; lastKnownFileType = sourcecode.swift; path = Bid_GeneratorApp.swift; sourceTree = "<group>"; };
		F40235FC2B0148E900964960 /* ContentView.swift */ = {isa = PBXFileReference; lastKnownFileType = sourcecode.swift; path = ContentView.swift; sourceTree = "<group>"; };
		F40235FE2B0148EE00964960 /* Assets.xcassets */ = {isa = PBXFileReference; lastKnownFileType = folder.assetcatalog; path = Assets.xcassets; sourceTree = "<group>"; };
		F40236002B0148EE00964960 /* Bid_Generator.entitlements */ = {isa = PBXFileReference; lastKnownFileType = text.plist.entitlements; path = Bid_Generator.entitlements; sourceTree = "<group>"; };
		F40236022B0148EE00964960 /* Preview Assets.xcassets */ = {isa = PBXFileReference; lastKnownFileType = folder.assetcatalog; path = "Preview Assets.xcassets"; sourceTree = "<group>"; };
		F423083A2B38B42E00C77CB7 /* ReloadView.swift */ = {isa = PBXFileReference; lastKnownFileType = sourcecode.swift; path = ReloadView.swift; sourceTree = "<group>"; };
		F4403E392B17B215001FF395 /* View.swift */ = {isa = PBXFileReference; lastKnownFileType = sourcecode.swift; path = View.swift; sourceTree = "<group>"; };
		F4403E3B2B17B248001FF395 /* UINavigationController.swift */ = {isa = PBXFileReference; lastKnownFileType = sourcecode.swift; path = UINavigationController.swift; sourceTree = "<group>"; };
		F4403E3D2B1902DF001FF395 /* Int.swift */ = {isa = PBXFileReference; lastKnownFileType = sourcecode.swift; path = Int.swift; sourceTree = "<group>"; };
		F446D0622B15014B00D3F7E7 /* UIColor.swift */ = {isa = PBXFileReference; lastKnownFileType = sourcecode.swift; path = UIColor.swift; sourceTree = "<group>"; };
		F4C15C2D2B5D341E0040A8ED /* String.swift */ = {isa = PBXFileReference; lastKnownFileType = sourcecode.swift; path = String.swift; sourceTree = "<group>"; };
		F4C15C2F2B5D4AD20040A8ED /* NSNotification.swift */ = {isa = PBXFileReference; lastKnownFileType = sourcecode.swift; path = NSNotification.swift; sourceTree = "<group>"; };
/* End PBXFileReference section */

/* Begin PBXFrameworksBuildPhase section */
		F40235F42B0148E900964960 /* Frameworks */ = {
			isa = PBXFrameworksBuildPhase;
			buildActionMask = 2147483647;
			files = (
				F42308392B309DC100C77CB7 /* AnimateNumberText in Frameworks */,
			);
			runOnlyForDeploymentPostprocessing = 0;
		};
/* End PBXFrameworksBuildPhase section */

/* Begin PBXGroup section */
		F40235EE2B0148E900964960 = {
			isa = PBXGroup;
			children = (
				F40235F92B0148E900964960 /* Bid Generator */,
				F40235F82B0148E900964960 /* Products */,
			);
			sourceTree = "<group>";
		};
		F40235F82B0148E900964960 /* Products */ = {
			isa = PBXGroup;
			children = (
				F40235F72B0148E900964960 /* Bid Generator.app */,
			);
			name = Products;
			sourceTree = "<group>";
		};
		F40235F92B0148E900964960 /* Bid Generator */ = {
			isa = PBXGroup;
			children = (
				F446D0612B15012B00D3F7E7 /* Extensions */,
				F40235FA2B0148E900964960 /* Bid_GeneratorApp.swift */,
				F40235FC2B0148E900964960 /* ContentView.swift */,
				F40235FE2B0148EE00964960 /* Assets.xcassets */,
				F40236002B0148EE00964960 /* Bid_Generator.entitlements */,
				F40236012B0148EE00964960 /* Preview Content */,
			);
			path = "Bid Generator";
			sourceTree = "<group>";
		};
		F40236012B0148EE00964960 /* Preview Content */ = {
			isa = PBXGroup;
			children = (
				F40236022B0148EE00964960 /* Preview Assets.xcassets */,
			);
			path = "Preview Content";
			sourceTree = "<group>";
		};
		F446D0612B15012B00D3F7E7 /* Extensions */ = {
			isa = PBXGroup;
			children = (
				F446D0622B15014B00D3F7E7 /* UIColor.swift */,
				F4C15C2D2B5D341E0040A8ED /* String.swift */,
				F4C15C2F2B5D4AD20040A8ED /* NSNotification.swift */,
				F4403E392B17B215001FF395 /* View.swift */,
				F4403E3B2B17B248001FF395 /* UINavigationController.swift */,
				F4403E3D2B1902DF001FF395 /* Int.swift */,
				F423083A2B38B42E00C77CB7 /* ReloadView.swift */,
			);
			path = Extensions;
			sourceTree = "<group>";
		};
/* End PBXGroup section */

/* Begin PBXNativeTarget section */
		F40235F62B0148E900964960 /* Bid Generator */ = {
			isa = PBXNativeTarget;
			buildConfigurationList = F40236062B0148EE00964960 /* Build configuration list for PBXNativeTarget "Bid Generator" */;
			buildPhases = (
				F40235F32B0148E900964960 /* Sources */,
				F40235F42B0148E900964960 /* Frameworks */,
				F40235F52B0148E900964960 /* Resources */,
			);
			buildRules = (
			);
			dependencies = (
			);
			name = "Bid Generator";
			packageProductDependencies = (
				F42308382B309DC100C77CB7 /* AnimateNumberText */,
			);
			productName = "Auction Trading";
			productReference = F40235F72B0148E900964960 /* Bid Generator.app */;
			productType = "com.apple.product-type.application";
		};
/* End PBXNativeTarget section */

/* Begin PBXProject section */
		F40235EF2B0148E900964960 /* Project object */ = {
			isa = PBXProject;
			attributes = {
				BuildIndependentTargetsInParallel = 1;
				LastSwiftUpdateCheck = 1500;
				LastUpgradeCheck = 1500;
				TargetAttributes = {
					F40235F62B0148E900964960 = {
						CreatedOnToolsVersion = 15.0.1;
					};
				};
			};
			buildConfigurationList = F40235F22B0148E900964960 /* Build configuration list for PBXProject "Bid Generator" */;
			compatibilityVersion = "Xcode 14.0";
			developmentRegion = en;
			hasScannedForEncodings = 0;
			knownRegions = (
				en,
				Base,
			);
			mainGroup = F40235EE2B0148E900964960;
			packageReferences = (
				F42308372B309DC100C77CB7 /* XCRemoteSwiftPackageReference "AnimateNumberText" */,
			);
			productRefGroup = F40235F82B0148E900964960 /* Products */;
			projectDirPath = "";
			projectRoot = "";
			targets = (
				F40235F62B0148E900964960 /* Bid Generator */,
			);
		};
/* End PBXProject section */

/* Begin PBXResourcesBuildPhase section */
		F40235F52B0148E900964960 /* Resources */ = {
			isa = PBXResourcesBuildPhase;
			buildActionMask = 2147483647;
			files = (
				F40236032B0148EE00964960 /* Preview Assets.xcassets in Resources */,
				F40235FF2B0148EE00964960 /* Assets.xcassets in Resources */,
			);
			runOnlyForDeploymentPostprocessing = 0;
		};
/* End PBXResourcesBuildPhase section */

/* Begin PBXSourcesBuildPhase section */
		F40235F32B0148E900964960 /* Sources */ = {
			isa = PBXSourcesBuildPhase;
			buildActionMask = 2147483647;
			files = (
				F4403E3A2B17B215001FF395 /* View.swift in Sources */,
				F4403E3C2B17B248001FF395 /* UINavigationController.swift in Sources */,
				F40235FD2B0148E900964960 /* ContentView.swift in Sources */,
				F423083B2B38B42E00C77CB7 /* ReloadView.swift in Sources */,
				F4403E3E2B1902DF001FF395 /* Int.swift in Sources */,
				F446D0632B15014B00D3F7E7 /* UIColor.swift in Sources */,
				F4C15C2E2B5D341E0040A8ED /* String.swift in Sources */,
				F4C15C302B5D4AD20040A8ED /* NSNotification.swift in Sources */,
				F40235FB2B0148E900964960 /* Bid_GeneratorApp.swift in Sources */,
			);
			runOnlyForDeploymentPostprocessing = 0;
		};
/* End PBXSourcesBuildPhase section */

/* Begin XCBuildConfiguration section */
		F40236042B0148EE00964960 /* Debug */ = {
			isa = XCBuildConfiguration;
			buildSettings = {
				ALWAYS_SEARCH_USER_PATHS = NO;
				ASSETCATALOG_COMPILER_GENERATE_SWIFT_ASSET_SYMBOL_EXTENSIONS = YES;
				CLANG_ANALYZER_NONNULL = YES;
				CLANG_ANALYZER_NUMBER_OBJECT_CONVERSION = YES_AGGRESSIVE;
				CLANG_CXX_LANGUAGE_STANDARD = "gnu++20";
				CLANG_ENABLE_MODULES = YES;
				CLANG_ENABLE_OBJC_ARC = YES;
				CLANG_ENABLE_OBJC_WEAK = YES;
				CLANG_WARN_BLOCK_CAPTURE_AUTORELEASING = YES;
				CLANG_WARN_BOOL_CONVERSION = YES;
				CLANG_WARN_COMMA = YES;
				CLANG_WARN_CONSTANT_CONVERSION = YES;
				CLANG_WARN_DEPRECATED_OBJC_IMPLEMENTATIONS = YES;
				CLANG_WARN_DIRECT_OBJC_ISA_USAGE = YES_ERROR;
				CLANG_WARN_DOCUMENTATION_COMMENTS = YES;
				CLANG_WARN_EMPTY_BODY = YES;
				CLANG_WARN_ENUM_CONVERSION = YES;
				CLANG_WARN_INFINITE_RECURSION = YES;
				CLANG_WARN_INT_CONVERSION = YES;
				CLANG_WARN_NON_LITERAL_NULL_CONVERSION = YES;
				CLANG_WARN_OBJC_IMPLICIT_RETAIN_SELF = YES;
				CLANG_WARN_OBJC_LITERAL_CONVERSION = YES;
				CLANG_WARN_OBJC_ROOT_CLASS = YES_ERROR;
				CLANG_WARN_QUOTED_INCLUDE_IN_FRAMEWORK_HEADER = YES;
				CLANG_WARN_RANGE_LOOP_ANALYSIS = YES;
				CLANG_WARN_STRICT_PROTOTYPES = YES;
				CLANG_WARN_SUSPICIOUS_MOVE = YES;
				CLANG_WARN_UNGUARDED_AVAILABILITY = YES_AGGRESSIVE;
				CLANG_WARN_UNREACHABLE_CODE = YES;
				CLANG_WARN__DUPLICATE_METHOD_MATCH = YES;
				COPY_PHASE_STRIP = NO;
				DEBUG_INFORMATION_FORMAT = dwarf;
				ENABLE_STRICT_OBJC_MSGSEND = YES;
				ENABLE_TESTABILITY = YES;
				ENABLE_USER_SCRIPT_SANDBOXING = YES;
				GCC_C_LANGUAGE_STANDARD = gnu17;
				GCC_DYNAMIC_NO_PIC = NO;
				GCC_NO_COMMON_BLOCKS = YES;
				GCC_OPTIMIZATION_LEVEL = 0;
				GCC_PREPROCESSOR_DEFINITIONS = (
					"DEBUG=1",
					"$(inherited)",
				);
				GCC_WARN_64_TO_32_BIT_CONVERSION = YES;
				GCC_WARN_ABOUT_RETURN_TYPE = YES_ERROR;
				GCC_WARN_UNDECLARED_SELECTOR = YES;
				GCC_WARN_UNINITIALIZED_AUTOS = YES_AGGRESSIVE;
				GCC_WARN_UNUSED_FUNCTION = YES;
				GCC_WARN_UNUSED_VARIABLE = YES;
				LOCALIZATION_PREFERS_STRING_CATALOGS = YES;
				MTL_ENABLE_DEBUG_INFO = INCLUDE_SOURCE;
				MTL_FAST_MATH = YES;
				ONLY_ACTIVE_ARCH = YES;
				SWIFT_ACTIVE_COMPILATION_CONDITIONS = "DEBUG $(inherited)";
				SWIFT_OPTIMIZATION_LEVEL = "-Onone";
			};
			name = Debug;
		};
		F40236052B0148EE00964960 /* Release */ = {
			isa = XCBuildConfiguration;
			buildSettings = {
				ALWAYS_SEARCH_USER_PATHS = NO;
				ASSETCATALOG_COMPILER_GENERATE_SWIFT_ASSET_SYMBOL_EXTENSIONS = YES;
				CLANG_ANALYZER_NONNULL = YES;
				CLANG_ANALYZER_NUMBER_OBJECT_CONVERSION = YES_AGGRESSIVE;
				CLANG_CXX_LANGUAGE_STANDARD = "gnu++20";
				CLANG_ENABLE_MODULES = YES;
				CLANG_ENABLE_OBJC_ARC = YES;
				CLANG_ENABLE_OBJC_WEAK = YES;
				CLANG_WARN_BLOCK_CAPTURE_AUTORELEASING = YES;
				CLANG_WARN_BOOL_CONVERSION = YES;
				CLANG_WARN_COMMA = YES;
				CLANG_WARN_CONSTANT_CONVERSION = YES;
				CLANG_WARN_DEPRECATED_OBJC_IMPLEMENTATIONS = YES;
				CLANG_WARN_DIRECT_OBJC_ISA_USAGE = YES_ERROR;
				CLANG_WARN_DOCUMENTATION_COMMENTS = YES;
				CLANG_WARN_EMPTY_BODY = YES;
				CLANG_WARN_ENUM_CONVERSION = YES;
				CLANG_WARN_INFINITE_RECURSION = YES;
				CLANG_WARN_INT_CONVERSION = YES;
				CLANG_WARN_NON_LITERAL_NULL_CONVERSION = YES;
				CLANG_WARN_OBJC_IMPLICIT_RETAIN_SELF = YES;
				CLANG_WARN_OBJC_LITERAL_CONVERSION = YES;
				CLANG_WARN_OBJC_ROOT_CLASS = YES_ERROR;
				CLANG_WARN_QUOTED_INCLUDE_IN_FRAMEWORK_HEADER = YES;
				CLANG_WARN_RANGE_LOOP_ANALYSIS = YES;
				CLANG_WARN_STRICT_PROTOTYPES = YES;
				CLANG_WARN_SUSPICIOUS_MOVE = YES;
				CLANG_WARN_UNGUARDED_AVAILABILITY = YES_AGGRESSIVE;
				CLANG_WARN_UNREACHABLE_CODE = YES;
				CLANG_WARN__DUPLICATE_METHOD_MATCH = YES;
				COPY_PHASE_STRIP = NO;
				DEBUG_INFORMATION_FORMAT = "dwarf-with-dsym";
				ENABLE_NS_ASSERTIONS = NO;
				ENABLE_STRICT_OBJC_MSGSEND = YES;
				ENABLE_USER_SCRIPT_SANDBOXING = YES;
				GCC_C_LANGUAGE_STANDARD = gnu17;
				GCC_NO_COMMON_BLOCKS = YES;
				GCC_WARN_64_TO_32_BIT_CONVERSION = YES;
				GCC_WARN_ABOUT_RETURN_TYPE = YES_ERROR;
				GCC_WARN_UNDECLARED_SELECTOR = YES;
				GCC_WARN_UNINITIALIZED_AUTOS = YES_AGGRESSIVE;
				GCC_WARN_UNUSED_FUNCTION = YES;
				GCC_WARN_UNUSED_VARIABLE = YES;
				LOCALIZATION_PREFERS_STRING_CATALOGS = YES;
				MTL_ENABLE_DEBUG_INFO = NO;
				MTL_FAST_MATH = YES;
				SWIFT_COMPILATION_MODE = wholemodule;
			};
			name = Release;
		};
		F40236072B0148EE00964960 /* Debug */ = {
			isa = XCBuildConfiguration;
			buildSettings = {
				ASSETCATALOG_COMPILER_APPICON_NAME = AppIcon;
				ASSETCATALOG_COMPILER_GLOBAL_ACCENT_COLOR_NAME = AccentColor;
				CODE_SIGN_ENTITLEMENTS = "";
				CODE_SIGN_STYLE = Automatic;
				CURRENT_PROJECT_VERSION = 7;
				DEVELOPMENT_ASSET_PATHS = "\"Bid Generator/Preview Content\"";
				DEVELOPMENT_TEAM = 58BA42Z7GA;
				ENABLE_PREVIEWS = YES;
				GENERATE_INFOPLIST_FILE = YES;
				INFOPLIST_KEY_LSApplicationCategoryType = "public.app-category.finance";
				"INFOPLIST_KEY_UIApplicationSceneManifest_Generation[sdk=iphoneos*]" = YES;
				"INFOPLIST_KEY_UIApplicationSceneManifest_Generation[sdk=iphonesimulator*]" = YES;
				"INFOPLIST_KEY_UIApplicationSupportsIndirectInputEvents[sdk=iphoneos*]" = YES;
				"INFOPLIST_KEY_UIApplicationSupportsIndirectInputEvents[sdk=iphonesimulator*]" = YES;
				"INFOPLIST_KEY_UILaunchScreen_Generation[sdk=iphoneos*]" = YES;
				"INFOPLIST_KEY_UILaunchScreen_Generation[sdk=iphonesimulator*]" = YES;
				"INFOPLIST_KEY_UIStatusBarStyle[sdk=iphoneos*]" = UIStatusBarStyleDefault;
				"INFOPLIST_KEY_UIStatusBarStyle[sdk=iphonesimulator*]" = UIStatusBarStyleDefault;
				INFOPLIST_KEY_UISupportedInterfaceOrientations_iPad = "UIInterfaceOrientationPortrait UIInterfaceOrientationPortraitUpsideDown UIInterfaceOrientationLandscapeLeft UIInterfaceOrientationLandscapeRight";
				INFOPLIST_KEY_UISupportedInterfaceOrientations_iPhone = "UIInterfaceOrientationPortrait UIInterfaceOrientationLandscapeLeft UIInterfaceOrientationLandscapeRight";
				IPHONEOS_DEPLOYMENT_TARGET = 16.0;
				LD_RUNPATH_SEARCH_PATHS = "@executable_path/Frameworks";
				"LD_RUNPATH_SEARCH_PATHS[sdk=macosx*]" = "@executable_path/../Frameworks";
				MACOSX_DEPLOYMENT_TARGET = 13.5;
				MARKETING_VERSION = 7.0;
				PRODUCT_BUNDLE_IDENTIFIER = com.ata.bid.generator;
				PRODUCT_NAME = "$(TARGET_NAME)";
				SDKROOT = auto;
				SUPPORTED_PLATFORMS = "iphoneos iphonesimulator";
				SUPPORTS_MACCATALYST = NO;
				SWIFT_EMIT_LOC_STRINGS = YES;
				SWIFT_VERSION = 5.0;
				TARGETED_DEVICE_FAMILY = "1,2";
			};
			name = Debug;
		};
		F40236082B0148EE00964960 /* Release */ = {
			isa = XCBuildConfiguration;
			buildSettings = {
				ASSETCATALOG_COMPILER_APPICON_NAME = AppIcon;
				ASSETCATALOG_COMPILER_GLOBAL_ACCENT_COLOR_NAME = AccentColor;
				CODE_SIGN_ENTITLEMENTS = "";
				CODE_SIGN_STYLE = Automatic;
				CURRENT_PROJECT_VERSION = 7;
				DEVELOPMENT_ASSET_PATHS = "\"Bid Generator/Preview Content\"";
				DEVELOPMENT_TEAM = 58BA42Z7GA;
				ENABLE_PREVIEWS = YES;
				GENERATE_INFOPLIST_FILE = YES;
				INFOPLIST_KEY_LSApplicationCategoryType = "public.app-category.finance";
				"INFOPLIST_KEY_UIApplicationSceneManifest_Generation[sdk=iphoneos*]" = YES;
				"INFOPLIST_KEY_UIApplicationSceneManifest_Generation[sdk=iphonesimulator*]" = YES;
				"INFOPLIST_KEY_UIApplicationSupportsIndirectInputEvents[sdk=iphoneos*]" = YES;
				"INFOPLIST_KEY_UIApplicationSupportsIndirectInputEvents[sdk=iphonesimulator*]" = YES;
				"INFOPLIST_KEY_UILaunchScreen_Generation[sdk=iphoneos*]" = YES;
				"INFOPLIST_KEY_UILaunchScreen_Generation[sdk=iphonesimulator*]" = YES;
				"INFOPLIST_KEY_UIStatusBarStyle[sdk=iphoneos*]" = UIStatusBarStyleDefault;
				"INFOPLIST_KEY_UIStatusBarStyle[sdk=iphonesimulator*]" = UIStatusBarStyleDefault;
				INFOPLIST_KEY_UISupportedInterfaceOrientations_iPad = "UIInterfaceOrientationPortrait UIInterfaceOrientationPortraitUpsideDown UIInterfaceOrientationLandscapeLeft UIInterfaceOrientationLandscapeRight";
				INFOPLIST_KEY_UISupportedInterfaceOrientations_iPhone = "UIInterfaceOrientationPortrait UIInterfaceOrientationLandscapeLeft UIInterfaceOrientationLandscapeRight";
				IPHONEOS_DEPLOYMENT_TARGET = 16.0;
				LD_RUNPATH_SEARCH_PATHS = "@executable_path/Frameworks";
				"LD_RUNPATH_SEARCH_PATHS[sdk=macosx*]" = "@executable_path/../Frameworks";
				MACOSX_DEPLOYMENT_TARGET = 13.5;
				MARKETING_VERSION = 7.0;
				PRODUCT_BUNDLE_IDENTIFIER = com.ata.bid.generator;
				PRODUCT_NAME = "$(TARGET_NAME)";
				SDKROOT = auto;
				SUPPORTED_PLATFORMS = "iphoneos iphonesimulator";
				SUPPORTS_MACCATALYST = NO;
				SWIFT_EMIT_LOC_STRINGS = YES;
				SWIFT_VERSION = 5.0;
				TARGETED_DEVICE_FAMILY = "1,2";
			};
			name = Release;
		};
/* End XCBuildConfiguration section */

/* Begin XCConfigurationList section */
		F40235F22B0148E900964960 /* Build configuration list for PBXProject "Bid Generator" */ = {
			isa = XCConfigurationList;
			buildConfigurations = (
				F40236042B0148EE00964960 /* Debug */,
				F40236052B0148EE00964960 /* Release */,
			);
			defaultConfigurationIsVisible = 0;
			defaultConfigurationName = Release;
		};
		F40236062B0148EE00964960 /* Build configuration list for PBXNativeTarget "Bid Generator" */ = {
			isa = XCConfigurationList;
			buildConfigurations = (
				F40236072B0148EE00964960 /* Debug */,
				F40236082B0148EE00964960 /* Release */,
			);
			defaultConfigurationIsVisible = 0;
			defaultConfigurationName = Release;
		};
/* End XCConfigurationList section */

/* Begin XCRemoteSwiftPackageReference section */
		F42308372B309DC100C77CB7 /* XCRemoteSwiftPackageReference "AnimateNumberText" */ = {
			isa = XCRemoteSwiftPackageReference;
			repositoryURL = "https://github.com/swift-man/AnimateNumberText.git";
			requirement = {
				kind = upToNextMajorVersion;
				minimumVersion = 0.5.0;
			};
		};
/* End XCRemoteSwiftPackageReference section */

/* Begin XCSwiftPackageProductDependency section */
		F42308382B309DC100C77CB7 /* AnimateNumberText */ = {
			isa = XCSwiftPackageProductDependency;
			package = F42308372B309DC100C77CB7 /* XCRemoteSwiftPackageReference "AnimateNumberText" */;
			productName = AnimateNumberText;
		};
/* End XCSwiftPackageProductDependency section */
	};
	rootObject = F40235EF2B0148E900964960 /* Project object */;
}
